// !$*UTF8*$!
{
	archiveVersion = 1;
	classes = {
	};
	objectVersion = 46;
	objects = {

/* Begin PBXBuildFile section */
		823AFC7E1E877DD300483924 /* AppDelegate.swift in Sources */ = {isa = PBXBuildFile; fileRef = 823AFC7D1E877DD300483924 /* AppDelegate.swift */; };
		823AFC801E877DD300483924 /* ViewController.swift in Sources */ = {isa = PBXBuildFile; fileRef = 823AFC7F1E877DD300483924 /* ViewController.swift */; };
		823AFC831E877DD300483924 /* Main.storyboard in Resources */ = {isa = PBXBuildFile; fileRef = 823AFC811E877DD300483924 /* Main.storyboard */; };
		823AFC851E877DD300483924 /* Assets.xcassets in Resources */ = {isa = PBXBuildFile; fileRef = 823AFC841E877DD300483924 /* Assets.xcassets */; };
		823AFC881E877DD300483924 /* LaunchScreen.storyboard in Resources */ = {isa = PBXBuildFile; fileRef = 823AFC861E877DD300483924 /* LaunchScreen.storyboard */; };
		823AFC931E87956900483924 /* Entities.swift in Sources */ = {isa = PBXBuildFile; fileRef = 823AFC921E87956900483924 /* Entities.swift */; };
		823AFC951E88CD4F00483924 /* DetailViewController.swift in Sources */ = {isa = PBXBuildFile; fileRef = 823AFC941E88CD4F00483924 /* DetailViewController.swift */; };
/* End PBXBuildFile section */

/* Begin PBXFileReference section */
		823AFC7A1E877DD300483924 /* StarWarsAPI.app */ = {isa = PBXFileReference; explicitFileType = wrapper.application; includeInIndex = 0; path = StarWarsAPI.app; sourceTree = BUILT_PRODUCTS_DIR; };
		823AFC7D1E877DD300483924 /* AppDelegate.swift */ = {isa = PBXFileReference; lastKnownFileType = sourcecode.swift; path = AppDelegate.swift; sourceTree = "<group>"; };
		823AFC7F1E877DD300483924 /* ViewController.swift */ = {isa = PBXFileReference; lastKnownFileType = sourcecode.swift; path = ViewController.swift; sourceTree = "<group>"; };
		823AFC821E877DD300483924 /* Base */ = {isa = PBXFileReference; lastKnownFileType = file.storyboard; name = Base; path = Base.lproj/Main.storyboard; sourceTree = "<group>"; };
		823AFC841E877DD300483924 /* Assets.xcassets */ = {isa = PBXFileReference; lastKnownFileType = folder.assetcatalog; path = Assets.xcassets; sourceTree = "<group>"; };
		823AFC871E877DD300483924 /* Base */ = {isa = PBXFileReference; lastKnownFileType = file.storyboard; name = Base; path = Base.lproj/LaunchScreen.storyboard; sourceTree = "<group>"; };
		823AFC891E877DD300483924 /* Info.plist */ = {isa = PBXFileReference; lastKnownFileType = text.plist.xml; path = Info.plist; sourceTree = "<group>"; };
		823AFC921E87956900483924 /* Entities.swift */ = {isa = PBXFileReference; fileEncoding = 4; lastKnownFileType = sourcecode.swift; path = Entities.swift; sourceTree = "<group>"; };
		823AFC941E88CD4F00483924 /* DetailViewController.swift */ = {isa = PBXFileReference; fileEncoding = 4; lastKnownFileType = sourcecode.swift; path = DetailViewController.swift; sourceTree = "<group>"; };
/* End PBXFileReference section */

/* Begin PBXFrameworksBuildPhase section */
		823AFC771E877DD300483924 /* Frameworks */ = {
			isa = PBXFrameworksBuildPhase;
			buildActionMask = 2147483647;
			files = (
			);
			runOnlyForDeploymentPostprocessing = 0;
		};
/* End PBXFrameworksBuildPhase section */

/* Begin PBXGroup section */
		823AFC711E877DD300483924 = {
			isa = PBXGroup;
			children = (
				823AFC7C1E877DD300483924 /* StarWarsAPI */,
				823AFC7B1E877DD300483924 /* Products */,
			);
			sourceTree = "<group>";
		};
		823AFC7B1E877DD300483924 /* Products */ = {
			isa = PBXGroup;
			children = (
				823AFC7A1E877DD300483924 /* StarWarsAPI.app */,
			);
			name = Products;
			sourceTree = "<group>";
		};
		823AFC7C1E877DD300483924 /* StarWarsAPI */ = {
			isa = PBXGroup;
			children = (
				823AFC911E8780B500483924 /* Model */,
				823AFC901E8780A700483924 /* View */,
				823AFC8F1E8780A000483924 /* Controller */,
				823AFC7D1E877DD300483924 /* AppDelegate.swift */,
				823AFC811E877DD300483924 /* Main.storyboard */,
				823AFC841E877DD300483924 /* Assets.xcassets */,
				823AFC861E877DD300483924 /* LaunchScreen.storyboard */,
				823AFC891E877DD300483924 /* Info.plist */,
			);
			path = StarWarsAPI;
			sourceTree = "<group>";
		};
		823AFC8F1E8780A000483924 /* Controller */ = {
			isa = PBXGroup;
			children = (
				823AFC7F1E877DD300483924 /* ViewController.swift */,
				823AFC941E88CD4F00483924 /* DetailViewController.swift */,
			);
			name = Controller;
			sourceTree = "<group>";
		};
		823AFC901E8780A700483924 /* View */ = {
			isa = PBXGroup;
			children = (
			);
			name = View;
			sourceTree = "<group>";
		};
		823AFC911E8780B500483924 /* Model */ = {
			isa = PBXGroup;
			children = (
				823AFC921E87956900483924 /* Entities.swift */,
			);
			name = Model;
			sourceTree = "<group>";
		};
/* End PBXGroup section */

/* Begin PBXNativeTarget section */
		823AFC791E877DD300483924 /* StarWarsAPI */ = {
			isa = PBXNativeTarget;
			buildConfigurationList = 823AFC8C1E877DD300483924 /* Build configuration list for PBXNativeTarget "StarWarsAPI" */;
			buildPhases = (
				823AFC761E877DD300483924 /* Sources */,
				823AFC771E877DD300483924 /* Frameworks */,
				823AFC781E877DD300483924 /* Resources */,
			);
			buildRules = (
			);
			dependencies = (
			);
			name = StarWarsAPI;
			productName = StarWarsAPI;
			productReference = 823AFC7A1E877DD300483924 /* StarWarsAPI.app */;
			productType = "com.apple.product-type.application";
		};
/* End PBXNativeTarget section */

/* Begin PBXProject section */
		823AFC721E877DD300483924 /* Project object */ = {
			isa = PBXProject;
			attributes = {
				LastSwiftUpdateCheck = 0820;
				LastUpgradeCheck = 0820;
				ORGANIZATIONNAME = "Michael De La Cruz";
				TargetAttributes = {
					823AFC791E877DD300483924 = {
						CreatedOnToolsVersion = 8.2.1;
						DevelopmentTeam = UP5S927B5L;
						ProvisioningStyle = Automatic;
					};
				};
			};
			buildConfigurationList = 823AFC751E877DD300483924 /* Build configuration list for PBXProject "StarWarsAPI" */;
			compatibilityVersion = "Xcode 3.2";
			developmentRegion = English;
			hasScannedForEncodings = 0;
			knownRegions = (
				en,
				Base,
			);
			mainGroup = 823AFC711E877DD300483924;
			productRefGroup = 823AFC7B1E877DD300483924 /* Products */;
			projectDirPath = "";
			projectRoot = "";
			targets = (
				823AFC791E877DD300483924 /* StarWarsAPI */,
			);
		};
/* End PBXProject section */

/* Begin PBXResourcesBuildPhase section */
		823AFC781E877DD300483924 /* Resources */ = {
			isa = PBXResourcesBuildPhase;
			buildActionMask = 2147483647;
			files = (
				823AFC881E877DD300483924 /* LaunchScreen.storyboard in Resources */,
				823AFC851E877DD300483924 /* Assets.xcassets in Resources */,
				823AFC831E877DD300483924 /* Main.storyboard in Resources */,
			);
			runOnlyForDeploymentPostprocessing = 0;
		};
/* End PBXResourcesBuildPhase section */

/* Begin PBXSourcesBuildPhase section */
		823AFC761E877DD300483924 /* Sources */ = {
			isa = PBXSourcesBuildPhase;
			buildActionMask = 2147483647;
			files = (
				823AFC931E87956900483924 /* Entities.swift in Sources */,
				823AFC801E877DD300483924 /* ViewController.swift in Sources */,
				823AFC7E1E877DD300483924 /* AppDelegate.swift in Sources */,
				823AFC951E88CD4F00483924 /* DetailViewController.swift in Sources */,
			);
			runOnlyForDeploymentPostprocessing = 0;
		};
/* End PBXSourcesBuildPhase section */

/* Begin PBXVariantGroup section */
		823AFC811E877DD300483924 /* Main.storyboard */ = {
			isa = PBXVariantGroup;
			children = (
				823AFC821E877DD300483924 /* Base */,
			);
			name = Main.storyboard;
			sourceTree = "<group>";
		};
		823AFC861E877DD300483924 /* LaunchScreen.storyboard */ = {
			isa = PBXVariantGroup;
			children = (
				823AFC871E877DD300483924 /* Base */,
			);
			name = LaunchScreen.storyboard;
			sourceTree = "<group>";
		};
/* End PBXVariantGroup section */

/* Begin XCBuildConfiguration section */
		823AFC8A1E877DD300483924 /* Debug */ = {
			isa = XCBuildConfiguration;
			buildSettings = {
				ALWAYS_SEARCH_USER_PATHS = NO;
				CLANG_ANALYZER_NONNULL = YES;
				CLANG_CXX_LANGUAGE_STANDARD = "gnu++0x";
				CLANG_CXX_LIBRARY = "libc++";
				CLANG_ENABLE_MODULES = YES;
				CLANG_ENABLE_OBJC_ARC = YES;
				CLANG_WARN_BOOL_CONVERSION = YES;
				CLANG_WARN_CONSTANT_CONVERSION = YES;
				CLANG_WARN_DIRECT_OBJC_ISA_USAGE = YES_ERROR;
				CLANG_WARN_DOCUMENTATION_COMMENTS = YES;
				CLANG_WARN_EMPTY_BODY = YES;
				CLANG_WARN_ENUM_CONVERSION = YES;
				CLANG_WARN_INFINITE_RECURSION = YES;
				CLANG_WARN_INT_CONVERSION = YES;
				CLANG_WARN_OBJC_ROOT_CLASS = YES_ERROR;
				CLANG_WARN_SUSPICIOUS_MOVE = YES;
				CLANG_WARN_UNREACHABLE_CODE = YES;
				CLANG_WARN__DUPLICATE_METHOD_MATCH = YES;
				"CODE_SIGN_IDENTITY[sdk=iphoneos*]" = "iPhone Developer";
				COPY_PHASE_STRIP = NO;
				DEBUG_INFORMATION_FORMAT = dwarf;
				ENABLE_STRICT_OBJC_MSGSEND = YES;
				ENABLE_TESTABILITY = YES;
				GCC_C_LANGUAGE_STANDARD = gnu99;
				GCC_DYNAMIC_NO_PIC = NO;
				GCC_NO_COMMON_BLOCKS = YES;
				GCC_OPTIMIZATION_LEVEL = 0;
				GCC_PREPROCESSOR_DEFINITIONS = (
					"DEBUG=1",
					"$(inherited)",
				);
				GCC_WARN_64_TO_32_BIT_CONVERSION = YES;
				GCC_WARN_ABOUT_RETURN_TYPE = YES_ERROR;
				GCC_WARN_UNDECLARED_SELECTOR = YES;
				GCC_WARN_UNINITIALIZED_AUTOS = YES_AGGRESSIVE;
				GCC_WARN_UNUSED_FUNCTION = YES;
				GCC_WARN_UNUSED_VARIABLE = YES;
				IPHONEOS_DEPLOYMENT_TARGET = 10.2;
				MTL_ENABLE_DEBUG_INFO = YES;
				ONLY_ACTIVE_ARCH = YES;
				SDKROOT = iphoneos;
				SWIFT_ACTIVE_COMPILATION_CONDITIONS = DEBUG;
				SWIFT_OPTIMIZATION_LEVEL = "-Onone";
			};
			name = Debug;
		};
		823AFC8B1E877DD300483924 /* Release */ = {
			isa = XCBuildConfiguration;
			buildSettings = {
				ALWAYS_SEARCH_USER_PATHS = NO;
				CLANG_ANALYZER_NONNULL = YES;
				CLANG_CXX_LANGUAGE_STANDARD = "gnu++0x";
				CLANG_CXX_LIBRARY = "libc++";
				CLANG_ENABLE_MODULES = YES;
				CLANG_ENABLE_OBJC_ARC = YES;
				CLANG_WARN_BOOL_CONVERSION = YES;
				CLANG_WARN_CONSTANT_CONVERSION = YES;
				CLANG_WARN_DIRECT_OBJC_ISA_USAGE = YES_ERROR;
				CLANG_WARN_DOCUMENTATION_COMMENTS = YES;
				CLANG_WARN_EMPTY_BODY = YES;
				CLANG_WARN_ENUM_CONVERSION = YES;
				CLANG_WARN_INFINITE_RECURSION = YES;
				CLANG_WARN_INT_CONVERSION = YES;
				CLANG_WARN_OBJC_ROOT_CLASS = YES_ERROR;
				CLANG_WARN_SUSPICIOUS_MOVE = YES;
				CLANG_WARN_UNREACHABLE_CODE = YES;
				CLANG_WARN__DUPLICATE_METHOD_MATCH = YES;
				"CODE_SIGN_IDENTITY[sdk=iphoneos*]" = "iPhone Developer";
				COPY_PHASE_STRIP = NO;
				DEBUG_INFORMATION_FORMAT = "dwarf-with-dsym";
				ENABLE_NS_ASSERTIONS = NO;
				ENABLE_STRICT_OBJC_MSGSEND = YES;
				GCC_C_LANGUAGE_STANDARD = gnu99;
				GCC_NO_COMMON_BLOCKS = YES;
				GCC_WARN_64_TO_32_BIT_CONVERSION = YES;
				GCC_WARN_ABOUT_RETURN_TYPE = YES_ERROR;
				GCC_WARN_UNDECLARED_SELECTOR = YES;
				GCC_WARN_UNINITIALIZED_AUTOS = YES_AGGRESSIVE;
				GCC_WARN_UNUSED_FUNCTION = YES;
				GCC_WARN_UNUSED_VARIABLE = YES;
				IPHONEOS_DEPLOYMENT_TARGET = 10.2;
				MTL_ENABLE_DEBUG_INFO = NO;
				SDKROOT = iphoneos;
				SWIFT_OPTIMIZATION_LEVEL = "-Owholemodule";
				VALIDATE_PRODUCT = YES;
			};
			name = Release;
		};
		823AFC8D1E877DD300483924 /* Debug */ = {
			isa = XCBuildConfiguration;
			buildSettings = {
				ASSETCATALOG_COMPILER_APPICON_NAME = AppIcon;
				DEVELOPMENT_TEAM = UP5S927B5L;
				INFOPLIST_FILE = StarWarsAPI/Info.plist;
				LD_RUNPATH_SEARCH_PATHS = "$(inherited) @executable_path/Frameworks";
				PRODUCT_BUNDLE_IDENTIFIER = MichaelD.StarWarsAPI;
				PRODUCT_NAME = "$(TARGET_NAME)";
				SWIFT_VERSION = 3.0;
			};
			name = Debug;
		};
		823AFC8E1E877DD300483924 /* Release */ = {
			isa = XCBuildConfiguration;
			buildSettings = {
				ASSETCATALOG_COMPILER_APPICON_NAME = AppIcon;
				DEVELOPMENT_TEAM = UP5S927B5L;
				INFOPLIST_FILE = StarWarsAPI/Info.plist;
				LD_RUNPATH_SEARCH_PATHS = "$(inherited) @executable_path/Frameworks";
				PRODUCT_BUNDLE_IDENTIFIER = MichaelD.StarWarsAPI;
				PRODUCT_NAME = "$(TARGET_NAME)";
				SWIFT_VERSION = 3.0;
			};
			name = Release;
		};
/* End XCBuildConfiguration section */

/* Begin XCConfigurationList section */
		823AFC751E877DD300483924 /* Build configuration list for PBXProject "StarWarsAPI" */ = {
			isa = XCConfigurationList;
			buildConfigurations = (
				823AFC8A1E877DD300483924 /* Debug */,
				823AFC8B1E877DD300483924 /* Release */,
			);
			defaultConfigurationIsVisible = 0;
			defaultConfigurationName = Release;
		};
		823AFC8C1E877DD300483924 /* Build configuration list for PBXNativeTarget "StarWarsAPI" */ = {
			isa = XCConfigurationList;
			buildConfigurations = (
				823AFC8D1E877DD300483924 /* Debug */,
				823AFC8E1E877DD300483924 /* Release */,
			);
			defaultConfigurationIsVisible = 0;
		};
/* End XCConfigurationList section */
	};
	rootObject = 823AFC721E877DD300483924 /* Project object */;
}
